
Microsoft Visual Studio Solution File, Format Version 12.00
Project("{FAE04EC0-301F-11D3-BF4B-00C04F79EFBC}") = "Day01", "Day01\Day01.csproj", "{222DD5A3-240E-4362-A0C6-65D2DC4090CF}"
EndProject
Project("{FAE04EC0-301F-11D3-BF4B-00C04F79EFBC}") = "Day02", "Day02\Day02.csproj", "{3D3C8E6E-FA3B-4CED-9F33-3E43C8822E64}"
EndProject
Project("{FAE04EC0-301F-11D3-BF4B-00C04F79EFBC}") = "Day03", "Day03\Day03.csproj", "{E07F934D-878E-471E-9949-3C42B2BE36B6}"
EndProject
Project("{FAE04EC0-301F-11D3-BF4B-00C04F79EFBC}") = "Day04", "Day04\Day04.csproj", "{61BE4388-BFC2-43A1-95A7-E898AE68C593}"
EndProject
Project("{FAE04EC0-301F-11D3-BF4B-00C04F79EFBC}") = "Day05", "Day05\Day05.csproj", "{64229A84-7061-4CC2-AE27-E1190EDFBB04}"
EndProject
Project("{FAE04EC0-301F-11D3-BF4B-00C04F79EFBC}") = "Day06", "Day06\Day06.csproj", "{097CFE54-2876-4383-B857-BA5A69DBD64C}"
EndProject
Project("{FAE04EC0-301F-11D3-BF4B-00C04F79EFBC}") = "Day07", "Day07\Day07.csproj", "{E8DAE213-79F1-4078-9D3B-F8561253AF13}"
EndProject
Project("{FAE04EC0-301F-11D3-BF4B-00C04F79EFBC}") = "Day08", "Day08\Day08.csproj", "{31B3BAA1-FA6A-460B-9325-AEC77C8E46D7}"
EndProject
Project("{FAE04EC0-301F-11D3-BF4B-00C04F79EFBC}") = "Day09", "Day09\Day09.csproj", "{8C88416F-A8E9-41FF-AB45-3CD79B5DF72F}"
EndProject
Project("{FAE04EC0-301F-11D3-BF4B-00C04F79EFBC}") = "Day10", "Day10\Day10.csproj", "{6EA3E6C2-6969-4DD5-8ED5-D69C95C1BFAD}"
EndProject
Project("{FAE04EC0-301F-11D3-BF4B-00C04F79EFBC}") = "Day11", "Day11\Day11.csproj", "{74ED0ADD-6DC6-4828-9E54-549053A0F5F0}"
EndProject
Project("{FAE04EC0-301F-11D3-BF4B-00C04F79EFBC}") = "Day12", "Day12\Day12.csproj", "{CB09A117-AC66-4C7B-8F25-9ECB95F370E2}"
EndProject
Project("{FAE04EC0-301F-11D3-BF4B-00C04F79EFBC}") = "Day13", "Day13\Day13.csproj", "{F56FC22D-378F-4340-8B0F-00348CE2EE49}"
EndProject
Project("{FAE04EC0-301F-11D3-BF4B-00C04F79EFBC}") = "Day14", "Day14\Day14.csproj", "{E39EA798-EDF9-47BC-B1A3-64D74E10975D}"
EndProject
Project("{FAE04EC0-301F-11D3-BF4B-00C04F79EFBC}") = "Day15", "Day15\Day15.csproj", "{F52A418C-8D81-4DFE-AB97-6B08D2FA431C}"
EndProject
Project("{FAE04EC0-301F-11D3-BF4B-00C04F79EFBC}") = "Day16", "Day16\Day16.csproj", "{40A11AC2-B69F-47FD-9290-0939F8928D71}"
EndProject
Project("{FAE04EC0-301F-11D3-BF4B-00C04F79EFBC}") = "Day17", "Day17\Day17.csproj", "{BF8B48E0-66A4-4E6C-8CAC-946E08EB209B}"
EndProject
Global
	GlobalSection(SolutionConfigurationPlatforms) = preSolution
		Debug|Any CPU = Debug|Any CPU
		Release|Any CPU = Release|Any CPU
	EndGlobalSection
	GlobalSection(ProjectConfigurationPlatforms) = postSolution
		{222DD5A3-240E-4362-A0C6-65D2DC4090CF}.Debug|Any CPU.ActiveCfg = Debug|Any CPU
		{222DD5A3-240E-4362-A0C6-65D2DC4090CF}.Debug|Any CPU.Build.0 = Debug|Any CPU
		{222DD5A3-240E-4362-A0C6-65D2DC4090CF}.Release|Any CPU.ActiveCfg = Release|Any CPU
		{222DD5A3-240E-4362-A0C6-65D2DC4090CF}.Release|Any CPU.Build.0 = Release|Any CPU
		{3D3C8E6E-FA3B-4CED-9F33-3E43C8822E64}.Debug|Any CPU.ActiveCfg = Debug|Any CPU
		{3D3C8E6E-FA3B-4CED-9F33-3E43C8822E64}.Debug|Any CPU.Build.0 = Debug|Any CPU
		{3D3C8E6E-FA3B-4CED-9F33-3E43C8822E64}.Release|Any CPU.ActiveCfg = Release|Any CPU
		{3D3C8E6E-FA3B-4CED-9F33-3E43C8822E64}.Release|Any CPU.Build.0 = Release|Any CPU
		{E07F934D-878E-471E-9949-3C42B2BE36B6}.Debug|Any CPU.ActiveCfg = Debug|Any CPU
		{E07F934D-878E-471E-9949-3C42B2BE36B6}.Debug|Any CPU.Build.0 = Debug|Any CPU
		{E07F934D-878E-471E-9949-3C42B2BE36B6}.Release|Any CPU.ActiveCfg = Release|Any CPU
		{E07F934D-878E-471E-9949-3C42B2BE36B6}.Release|Any CPU.Build.0 = Release|Any CPU
		{61BE4388-BFC2-43A1-95A7-E898AE68C593}.Debug|Any CPU.ActiveCfg = Debug|Any CPU
		{61BE4388-BFC2-43A1-95A7-E898AE68C593}.Debug|Any CPU.Build.0 = Debug|Any CPU
		{61BE4388-BFC2-43A1-95A7-E898AE68C593}.Release|Any CPU.ActiveCfg = Release|Any CPU
		{61BE4388-BFC2-43A1-95A7-E898AE68C593}.Release|Any CPU.Build.0 = Release|Any CPU
		{64229A84-7061-4CC2-AE27-E1190EDFBB04}.Debug|Any CPU.ActiveCfg = Debug|Any CPU
		{64229A84-7061-4CC2-AE27-E1190EDFBB04}.Debug|Any CPU.Build.0 = Debug|Any CPU
		{64229A84-7061-4CC2-AE27-E1190EDFBB04}.Release|Any CPU.ActiveCfg = Release|Any CPU
		{64229A84-7061-4CC2-AE27-E1190EDFBB04}.Release|Any CPU.Build.0 = Release|Any CPU
		{097CFE54-2876-4383-B857-BA5A69DBD64C}.Debug|Any CPU.ActiveCfg = Debug|Any CPU
		{097CFE54-2876-4383-B857-BA5A69DBD64C}.Debug|Any CPU.Build.0 = Debug|Any CPU
		{097CFE54-2876-4383-B857-BA5A69DBD64C}.Release|Any CPU.ActiveCfg = Release|Any CPU
		{097CFE54-2876-4383-B857-BA5A69DBD64C}.Release|Any CPU.Build.0 = Release|Any CPU
		{E8DAE213-79F1-4078-9D3B-F8561253AF13}.Debug|Any CPU.ActiveCfg = Debug|Any CPU
		{E8DAE213-79F1-4078-9D3B-F8561253AF13}.Debug|Any CPU.Build.0 = Debug|Any CPU
		{E8DAE213-79F1-4078-9D3B-F8561253AF13}.Release|Any CPU.ActiveCfg = Release|Any CPU
		{E8DAE213-79F1-4078-9D3B-F8561253AF13}.Release|Any CPU.Build.0 = Release|Any CPU
		{31B3BAA1-FA6A-460B-9325-AEC77C8E46D7}.Debug|Any CPU.ActiveCfg = Debug|Any CPU
		{31B3BAA1-FA6A-460B-9325-AEC77C8E46D7}.Debug|Any CPU.Build.0 = Debug|Any CPU
		{31B3BAA1-FA6A-460B-9325-AEC77C8E46D7}.Release|Any CPU.ActiveCfg = Release|Any CPU
		{31B3BAA1-FA6A-460B-9325-AEC77C8E46D7}.Release|Any CPU.Build.0 = Release|Any CPU
		{8C88416F-A8E9-41FF-AB45-3CD79B5DF72F}.Debug|Any CPU.ActiveCfg = Debug|Any CPU
		{8C88416F-A8E9-41FF-AB45-3CD79B5DF72F}.Debug|Any CPU.Build.0 = Debug|Any CPU
		{8C88416F-A8E9-41FF-AB45-3CD79B5DF72F}.Release|Any CPU.ActiveCfg = Release|Any CPU
		{8C88416F-A8E9-41FF-AB45-3CD79B5DF72F}.Release|Any CPU.Build.0 = Release|Any CPU
		{6EA3E6C2-6969-4DD5-8ED5-D69C95C1BFAD}.Debug|Any CPU.ActiveCfg = Debug|Any CPU
		{6EA3E6C2-6969-4DD5-8ED5-D69C95C1BFAD}.Debug|Any CPU.Build.0 = Debug|Any CPU
		{6EA3E6C2-6969-4DD5-8ED5-D69C95C1BFAD}.Release|Any CPU.ActiveCfg = Release|Any CPU
		{6EA3E6C2-6969-4DD5-8ED5-D69C95C1BFAD}.Release|Any CPU.Build.0 = Release|Any CPU
		{74ED0ADD-6DC6-4828-9E54-549053A0F5F0}.Debug|Any CPU.ActiveCfg = Debug|Any CPU
		{74ED0ADD-6DC6-4828-9E54-549053A0F5F0}.Debug|Any CPU.Build.0 = Debug|Any CPU
		{74ED0ADD-6DC6-4828-9E54-549053A0F5F0}.Release|Any CPU.ActiveCfg = Release|Any CPU
		{74ED0ADD-6DC6-4828-9E54-549053A0F5F0}.Release|Any CPU.Build.0 = Release|Any CPU
		{CB09A117-AC66-4C7B-8F25-9ECB95F370E2}.Debug|Any CPU.ActiveCfg = Debug|Any CPU
		{CB09A117-AC66-4C7B-8F25-9ECB95F370E2}.Debug|Any CPU.Build.0 = Debug|Any CPU
		{CB09A117-AC66-4C7B-8F25-9ECB95F370E2}.Release|Any CPU.ActiveCfg = Release|Any CPU
		{CB09A117-AC66-4C7B-8F25-9ECB95F370E2}.Release|Any CPU.Build.0 = Release|Any CPU
		{F56FC22D-378F-4340-8B0F-00348CE2EE49}.Debug|Any CPU.ActiveCfg = Debug|Any CPU
		{F56FC22D-378F-4340-8B0F-00348CE2EE49}.Debug|Any CPU.Build.0 = Debug|Any CPU
		{F56FC22D-378F-4340-8B0F-00348CE2EE49}.Release|Any CPU.ActiveCfg = Release|Any CPU
		{F56FC22D-378F-4340-8B0F-00348CE2EE49}.Release|Any CPU.Build.0 = Release|Any CPU
		{E39EA798-EDF9-47BC-B1A3-64D74E10975D}.Debug|Any CPU.ActiveCfg = Debug|Any CPU
		{E39EA798-EDF9-47BC-B1A3-64D74E10975D}.Debug|Any CPU.Build.0 = Debug|Any CPU
		{E39EA798-EDF9-47BC-B1A3-64D74E10975D}.Release|Any CPU.ActiveCfg = Release|Any CPU
		{E39EA798-EDF9-47BC-B1A3-64D74E10975D}.Release|Any CPU.Build.0 = Release|Any CPU
		{F52A418C-8D81-4DFE-AB97-6B08D2FA431C}.Debug|Any CPU.ActiveCfg = Debug|Any CPU
		{F52A418C-8D81-4DFE-AB97-6B08D2FA431C}.Debug|Any CPU.Build.0 = Debug|Any CPU
		{F52A418C-8D81-4DFE-AB97-6B08D2FA431C}.Release|Any CPU.ActiveCfg = Release|Any CPU
		{F52A418C-8D81-4DFE-AB97-6B08D2FA431C}.Release|Any CPU.Build.0 = Release|Any CPU
		{40A11AC2-B69F-47FD-9290-0939F8928D71}.Debug|Any CPU.ActiveCfg = Debug|Any CPU
		{40A11AC2-B69F-47FD-9290-0939F8928D71}.Debug|Any CPU.Build.0 = Debug|Any CPU
		{40A11AC2-B69F-47FD-9290-0939F8928D71}.Release|Any CPU.ActiveCfg = Release|Any CPU
		{40A11AC2-B69F-47FD-9290-0939F8928D71}.Release|Any CPU.Build.0 = Release|Any CPU
		{BF8B48E0-66A4-4E6C-8CAC-946E08EB209B}.Debug|Any CPU.ActiveCfg = Debug|Any CPU
		{BF8B48E0-66A4-4E6C-8CAC-946E08EB209B}.Debug|Any CPU.Build.0 = Debug|Any CPU
		{BF8B48E0-66A4-4E6C-8CAC-946E08EB209B}.Release|Any CPU.ActiveCfg = Release|Any CPU
		{BF8B48E0-66A4-4E6C-8CAC-946E08EB209B}.Release|Any CPU.Build.0 = Release|Any CPU
	EndGlobalSection
EndGlobal
